// !$*UTF8*$!
{
	archiveVersion = 1;
	classes = {
	};
	objectVersion = 50;
	objects = {

/* Begin PBXBuildFile section */
		F043823524477D74004B10EC /* AppDelegate.swift in Sources */ = {isa = PBXBuildFile; fileRef = F043823424477D74004B10EC /* AppDelegate.swift */; };
		F043823724477D74004B10EC /* SceneDelegate.swift in Sources */ = {isa = PBXBuildFile; fileRef = F043823624477D74004B10EC /* SceneDelegate.swift */; };
		F043823924477D74004B10EC /* ViewController.swift in Sources */ = {isa = PBXBuildFile; fileRef = F043823824477D74004B10EC /* ViewController.swift */; };
		F043823C24477D74004B10EC /* Main.storyboard in Resources */ = {isa = PBXBuildFile; fileRef = F043823A24477D74004B10EC /* Main.storyboard */; };
		F043823E24477D75004B10EC /* Assets.xcassets in Resources */ = {isa = PBXBuildFile; fileRef = F043823D24477D75004B10EC /* Assets.xcassets */; };
		F043824124477D75004B10EC /* LaunchScreen.storyboard in Resources */ = {isa = PBXBuildFile; fileRef = F043823F24477D75004B10EC /* LaunchScreen.storyboard */; };
		F0438249244780CD004B10EC /* PaginatedView.swift in Sources */ = {isa = PBXBuildFile; fileRef = F0438248244780CD004B10EC /* PaginatedView.swift */; };
		F043824B244782B7004B10EC /* Test.pdf in Resources */ = {isa = PBXBuildFile; fileRef = F043824A244782B7004B10EC /* Test.pdf */; };
		F043824D24478481004B10EC /* PageContentViewController.swift in Sources */ = {isa = PBXBuildFile; fileRef = F043824C24478481004B10EC /* PageContentViewController.swift */; };
/* End PBXBuildFile section */

/* Begin PBXFileReference section */
		F043823124477D74004B10EC /* PDFReader.app */ = {isa = PBXFileReference; explicitFileType = wrapper.application; includeInIndex = 0; path = PDFReader.app; sourceTree = BUILT_PRODUCTS_DIR; };
		F043823424477D74004B10EC /* AppDelegate.swift */ = {isa = PBXFileReference; lastKnownFileType = sourcecode.swift; path = AppDelegate.swift; sourceTree = "<group>"; };
		F043823624477D74004B10EC /* SceneDelegate.swift */ = {isa = PBXFileReference; lastKnownFileType = sourcecode.swift; path = SceneDelegate.swift; sourceTree = "<group>"; };
		F043823824477D74004B10EC /* ViewController.swift */ = {isa = PBXFileReference; lastKnownFileType = sourcecode.swift; path = ViewController.swift; sourceTree = "<group>"; };
		F043823B24477D74004B10EC /* Base */ = {isa = PBXFileReference; lastKnownFileType = file.storyboard; name = Base; path = Base.lproj/Main.storyboard; sourceTree = "<group>"; };
		F043823D24477D75004B10EC /* Assets.xcassets */ = {isa = PBXFileReference; lastKnownFileType = folder.assetcatalog; path = Assets.xcassets; sourceTree = "<group>"; };
		F043824024477D75004B10EC /* Base */ = {isa = PBXFileReference; lastKnownFileType = file.storyboard; name = Base; path = Base.lproj/LaunchScreen.storyboard; sourceTree = "<group>"; };
		F043824224477D75004B10EC /* Info.plist */ = {isa = PBXFileReference; lastKnownFileType = text.plist.xml; path = Info.plist; sourceTree = "<group>"; };
		F0438248244780CD004B10EC /* PaginatedView.swift */ = {isa = PBXFileReference; lastKnownFileType = sourcecode.swift; path = PaginatedView.swift; sourceTree = "<group>"; };
		F043824A244782B7004B10EC /* Test.pdf */ = {isa = PBXFileReference; lastKnownFileType = image.pdf; path = Test.pdf; sourceTree = "<group>"; };
		F043824C24478481004B10EC /* PageContentViewController.swift */ = {isa = PBXFileReference; lastKnownFileType = sourcecode.swift; path = PageContentViewController.swift; sourceTree = "<group>"; };
/* End PBXFileReference section */

/* Begin PBXFrameworksBuildPhase section */
		F043822E24477D74004B10EC /* Frameworks */ = {
			isa = PBXFrameworksBuildPhase;
			buildActionMask = 2147483647;
			files = (
			);
			runOnlyForDeploymentPostprocessing = 0;
		};
/* End PBXFrameworksBuildPhase section */

/* Begin PBXGroup section */
		F043822824477D74004B10EC = {
			isa = PBXGroup;
			children = (
				F043823324477D74004B10EC /* PDFReader */,
				F043823224477D74004B10EC /* Products */,
			);
			sourceTree = "<group>";
		};
		F043823224477D74004B10EC /* Products */ = {
			isa = PBXGroup;
			children = (
				F043823124477D74004B10EC /* PDFReader.app */,
			);
			name = Products;
			sourceTree = "<group>";
		};
		F043823324477D74004B10EC /* PDFReader */ = {
			isa = PBXGroup;
			children = (
				F043824A244782B7004B10EC /* Test.pdf */,
				F043823424477D74004B10EC /* AppDelegate.swift */,
				F043823624477D74004B10EC /* SceneDelegate.swift */,
				F043823824477D74004B10EC /* ViewController.swift */,
				F043823A24477D74004B10EC /* Main.storyboard */,
				F043823D24477D75004B10EC /* Assets.xcassets */,
				F043823F24477D75004B10EC /* LaunchScreen.storyboard */,
				F043824224477D75004B10EC /* Info.plist */,
				F0438248244780CD004B10EC /* PaginatedView.swift */,
				F043824C24478481004B10EC /* PageContentViewController.swift */,
			);
			path = PDFReader;
			sourceTree = "<group>";
		};
/* End PBXGroup section */

/* Begin PBXNativeTarget section */
		F043823024477D74004B10EC /* PDFReader */ = {
			isa = PBXNativeTarget;
			buildConfigurationList = F043824524477D75004B10EC /* Build configuration list for PBXNativeTarget "PDFReader" */;
			buildPhases = (
				F043822D24477D74004B10EC /* Sources */,
				F043822E24477D74004B10EC /* Frameworks */,
				F043822F24477D74004B10EC /* Resources */,
			);
			buildRules = (
			);
			dependencies = (
			);
			name = PDFReader;
			productName = PDFReader;
			productReference = F043823124477D74004B10EC /* PDFReader.app */;
			productType = "com.apple.product-type.application";
		};
/* End PBXNativeTarget section */

/* Begin PBXProject section */
		F043822924477D74004B10EC /* Project object */ = {
			isa = PBXProject;
			attributes = {
				LastSwiftUpdateCheck = 1140;
				LastUpgradeCheck = 1140;
				ORGANIZATIONNAME = "Hugo Flores Perez";
				TargetAttributes = {
					F043823024477D74004B10EC = {
						CreatedOnToolsVersion = 11.4;
					};
				};
			};
			buildConfigurationList = F043822C24477D74004B10EC /* Build configuration list for PBXProject "PDFReader" */;
			compatibilityVersion = "Xcode 9.3";
			developmentRegion = en;
			hasScannedForEncodings = 0;
			knownRegions = (
				en,
				Base,
			);
			mainGroup = F043822824477D74004B10EC;
			productRefGroup = F043823224477D74004B10EC /* Products */;
			projectDirPath = "";
			projectRoot = "";
			targets = (
				F043823024477D74004B10EC /* PDFReader */,
			);
		};
/* End PBXProject section */

/* Begin PBXResourcesBuildPhase section */
		F043822F24477D74004B10EC /* Resources */ = {
			isa = PBXResourcesBuildPhase;
			buildActionMask = 2147483647;
			files = (
				F043824B244782B7004B10EC /* Test.pdf in Resources */,
				F043824124477D75004B10EC /* LaunchScreen.storyboard in Resources */,
				F043823E24477D75004B10EC /* Assets.xcassets in Resources */,
				F043823C24477D74004B10EC /* Main.storyboard in Resources */,
			);
			runOnlyForDeploymentPostprocessing = 0;
		};
/* End PBXResourcesBuildPhase section */

/* Begin PBXSourcesBuildPhase section */
		F043822D24477D74004B10EC /* Sources */ = {
			isa = PBXSourcesBuildPhase;
			buildActionMask = 2147483647;
			files = (
				F043823924477D74004B10EC /* ViewController.swift in Sources */,
				F043823524477D74004B10EC /* AppDelegate.swift in Sources */,
				F043824D24478481004B10EC /* PageContentViewController.swift in Sources */,
				F0438249244780CD004B10EC /* PaginatedView.swift in Sources */,
				F043823724477D74004B10EC /* SceneDelegate.swift in Sources */,
			);
			runOnlyForDeploymentPostprocessing = 0;
		};
/* End PBXSourcesBuildPhase section */

/* Begin PBXVariantGroup section */
		F043823A24477D74004B10EC /* Main.storyboard */ = {
			isa = PBXVariantGroup;
			children = (
				F043823B24477D74004B10EC /* Base */,
			);
			name = Main.storyboard;
			sourceTree = "<group>";
		};
		F043823F24477D75004B10EC /* LaunchScreen.storyboard */ = {
			isa = PBXVariantGroup;
			children = (
				F043824024477D75004B10EC /* Base */,
			);
			name = LaunchScreen.storyboard;
			sourceTree = "<group>";
		};
/* End PBXVariantGroup section */

/* Begin XCBuildConfiguration section */
		F043824324477D75004B10EC /* Debug */ = {
			isa = XCBuildConfiguration;
			buildSettings = {
				ALWAYS_SEARCH_USER_PATHS = NO;
				CLANG_ANALYZER_NONNULL = YES;
				CLANG_ANALYZER_NUMBER_OBJECT_CONVERSION = YES_AGGRESSIVE;
				CLANG_CXX_LANGUAGE_STANDARD = "gnu++14";
				CLANG_CXX_LIBRARY = "libc++";
				CLANG_ENABLE_MODULES = YES;
				CLANG_ENABLE_OBJC_ARC = YES;
				CLANG_ENABLE_OBJC_WEAK = YES;
				CLANG_WARN_BLOCK_CAPTURE_AUTORELEASING = YES;
				CLANG_WARN_BOOL_CONVERSION = YES;
				CLANG_WARN_COMMA = YES;
				CLANG_WARN_CONSTANT_CONVERSION = YES;
				CLANG_WARN_DEPRECATED_OBJC_IMPLEMENTATIONS = YES;
				CLANG_WARN_DIRECT_OBJC_ISA_USAGE = YES_ERROR;
				CLANG_WARN_DOCUMENTATION_COMMENTS = YES;
				CLANG_WARN_EMPTY_BODY = YES;
				CLANG_WARN_ENUM_CONVERSION = YES;
				CLANG_WARN_INFINITE_RECURSION = YES;
				CLANG_WARN_INT_CONVERSION = YES;
				CLANG_WARN_NON_LITERAL_NULL_CONVERSION = YES;
				CLANG_WARN_OBJC_IMPLICIT_RETAIN_SELF = YES;
				CLANG_WARN_OBJC_LITERAL_CONVERSION = YES;
				CLANG_WARN_OBJC_ROOT_CLASS = YES_ERROR;
				CLANG_WARN_RANGE_LOOP_ANALYSIS = YES;
				CLANG_WARN_STRICT_PROTOTYPES = YES;
				CLANG_WARN_SUSPICIOUS_MOVE = YES;
				CLANG_WARN_UNGUARDED_AVAILABILITY = YES_AGGRESSIVE;
				CLANG_WARN_UNREACHABLE_CODE = YES;
				CLANG_WARN__DUPLICATE_METHOD_MATCH = YES;
				COPY_PHASE_STRIP = NO;
				DEBUG_INFORMATION_FORMAT = dwarf;
				ENABLE_STRICT_OBJC_MSGSEND = YES;
				ENABLE_TESTABILITY = YES;
				GCC_C_LANGUAGE_STANDARD = gnu11;
				GCC_DYNAMIC_NO_PIC = NO;
				GCC_NO_COMMON_BLOCKS = YES;
				GCC_OPTIMIZATION_LEVEL = 0;
				GCC_PREPROCESSOR_DEFINITIONS = (
					"DEBUG=1",
					"$(inherited)",
				);
				GCC_WARN_64_TO_32_BIT_CONVERSION = YES;
				GCC_WARN_ABOUT_RETURN_TYPE = YES_ERROR;
				GCC_WARN_UNDECLARED_SELECTOR = YES;
				GCC_WARN_UNINITIALIZED_AUTOS = YES_AGGRESSIVE;
				GCC_WARN_UNUSED_FUNCTION = YES;
				GCC_WARN_UNUSED_VARIABLE = YES;
				IPHONEOS_DEPLOYMENT_TARGET = 13.4;
				MTL_ENABLE_DEBUG_INFO = INCLUDE_SOURCE;
				MTL_FAST_MATH = YES;
				ONLY_ACTIVE_ARCH = YES;
				SDKROOT = iphoneos;
				SWIFT_ACTIVE_COMPILATION_CONDITIONS = DEBUG;
				SWIFT_OPTIMIZATION_LEVEL = "-Onone";
			};
			name = Debug;
		};
		F043824424477D75004B10EC /* Release */ = {
			isa = XCBuildConfiguration;
			buildSettings = {
				ALWAYS_SEARCH_USER_PATHS = NO;
				CLANG_ANALYZER_NONNULL = YES;
				CLANG_ANALYZER_NUMBER_OBJECT_CONVERSION = YES_AGGRESSIVE;
				CLANG_CXX_LANGUAGE_STANDARD = "gnu++14";
				CLANG_CXX_LIBRARY = "libc++";
				CLANG_ENABLE_MODULES = YES;
				CLANG_ENABLE_OBJC_ARC = YES;
				CLANG_ENABLE_OBJC_WEAK = YES;
				CLANG_WARN_BLOCK_CAPTURE_AUTORELEASING = YES;
				CLANG_WARN_BOOL_CONVERSION = YES;
				CLANG_WARN_COMMA = YES;
				CLANG_WARN_CONSTANT_CONVERSION = YES;
				CLANG_WARN_DEPRECATED_OBJC_IMPLEMENTATIONS = YES;
				CLANG_WARN_DIRECT_OBJC_ISA_USAGE = YES_ERROR;
				CLANG_WARN_DOCUMENTATION_COMMENTS = YES;
				CLANG_WARN_EMPTY_BODY = YES;
				CLANG_WARN_ENUM_CONVERSION = YES;
				CLANG_WARN_INFINITE_RECURSION = YES;
				CLANG_WARN_INT_CONVERSION = YES;
				CLANG_WARN_NON_LITERAL_NULL_CONVERSION = YES;
				CLANG_WARN_OBJC_IMPLICIT_RETAIN_SELF = YES;
				CLANG_WARN_OBJC_LITERAL_CONVERSION = YES;
				CLANG_WARN_OBJC_ROOT_CLASS = YES_ERROR;
				CLANG_WARN_RANGE_LOOP_ANALYSIS = YES;
				CLANG_WARN_STRICT_PROTOTYPES = YES;
				CLANG_WARN_SUSPICIOUS_MOVE = YES;
				CLANG_WARN_UNGUARDED_AVAILABILITY = YES_AGGRESSIVE;
				CLANG_WARN_UNREACHABLE_CODE = YES;
				CLANG_WARN__DUPLICATE_METHOD_MATCH = YES;
				COPY_PHASE_STRIP = NO;
				DEBUG_INFORMATION_FORMAT = "dwarf-with-dsym";
				ENABLE_NS_ASSERTIONS = NO;
				ENABLE_STRICT_OBJC_MSGSEND = YES;
				GCC_C_LANGUAGE_STANDARD = gnu11;
				GCC_NO_COMMON_BLOCKS = YES;
				GCC_WARN_64_TO_32_BIT_CONVERSION = YES;
				GCC_WARN_ABOUT_RETURN_TYPE = YES_ERROR;
				GCC_WARN_UNDECLARED_SELECTOR = YES;
				GCC_WARN_UNINITIALIZED_AUTOS = YES_AGGRESSIVE;
				GCC_WARN_UNUSED_FUNCTION = YES;
				GCC_WARN_UNUSED_VARIABLE = YES;
				IPHONEOS_DEPLOYMENT_TARGET = 13.4;
				MTL_ENABLE_DEBUG_INFO = NO;
				MTL_FAST_MATH = YES;
				SDKROOT = iphoneos;
				SWIFT_COMPILATION_MODE = wholemodule;
				SWIFT_OPTIMIZATION_LEVEL = "-O";
				VALIDATE_PRODUCT = YES;
			};
			name = Release;
		};
		F043824624477D75004B10EC /* Debug */ = {
			isa = XCBuildConfiguration;
			buildSettings = {
				ASSETCATALOG_COMPILER_APPICON_NAME = AppIcon;
				CODE_SIGN_STYLE = Automatic;
				INFOPLIST_FILE = PDFReader/Info.plist;
				LD_RUNPATH_SEARCH_PATHS = (
					"$(inherited)",
					"@executable_path/Frameworks",
				);
				PRODUCT_BUNDLE_IDENTIFIER = com.enhanceit.hugo.week1.PDFReader;
				PRODUCT_NAME = "$(TARGET_NAME)";
				SWIFT_VERSION = 5.0;
				TARGETED_DEVICE_FAMILY = "1,2";
			};
			name = Debug;
		};
		F043824724477D75004B10EC /* Release */ = {
			isa = XCBuildConfiguration;
			buildSettings = {
				ASSETCATALOG_COMPILER_APPICON_NAME = AppIcon;
				CODE_SIGN_STYLE = Automatic;
				INFOPLIST_FILE = PDFReader/Info.plist;
				LD_RUNPATH_SEARCH_PATHS = (
					"$(inherited)",
					"@executable_path/Frameworks",
				);
				PRODUCT_BUNDLE_IDENTIFIER = com.enhanceit.hugo.week1.PDFReader;
				PRODUCT_NAME = "$(TARGET_NAME)";
				SWIFT_VERSION = 5.0;
				TARGETED_DEVICE_FAMILY = "1,2";
			};
			name = Release;
		};
/* End XCBuildConfiguration section */

/* Begin XCConfigurationList section */
		F043822C24477D74004B10EC /* Build configuration list for PBXProject "PDFReader" */ = {
			isa = XCConfigurationList;
			buildConfigurations = (
				F043824324477D75004B10EC /* Debug */,
				F043824424477D75004B10EC /* Release */,
			);
			defaultConfigurationIsVisible = 0;
			defaultConfigurationName = Release;
		};
		F043824524477D75004B10EC /* Build configuration list for PBXNativeTarget "PDFReader" */ = {
			isa = XCConfigurationList;
			buildConfigurations = (
				F043824624477D75004B10EC /* Debug */,
				F043824724477D75004B10EC /* Release */,
			);
			defaultConfigurationIsVisible = 0;
			defaultConfigurationName = Release;
		};
/* End XCConfigurationList section */
	};
	rootObject = F043822924477D74004B10EC /* Project object */;
}
